// !$*UTF8*$!
{
	archiveVersion = 1;
	classes = {
	};
	objectVersion = 50;
	objects = {

/* Begin PBXBuildFile section */
		FF3B8C012990F8E300A40635 /* AppDelegate.swift in Sources */ = {isa = PBXBuildFile; fileRef = FF3B8C002990F8E300A40635 /* AppDelegate.swift */; };
		FF3B8C032990F8E300A40635 /* SceneDelegate.swift in Sources */ = {isa = PBXBuildFile; fileRef = FF3B8C022990F8E300A40635 /* SceneDelegate.swift */; };
		FF3B8C052990F8E300A40635 /* ViewController.swift in Sources */ = {isa = PBXBuildFile; fileRef = FF3B8C042990F8E300A40635 /* ViewController.swift */; };
		FF3B8C082990F8E300A40635 /* Main.storyboard in Resources */ = {isa = PBXBuildFile; fileRef = FF3B8C062990F8E300A40635 /* Main.storyboard */; };
		FF3B8C0A2990F8E500A40635 /* Assets.xcassets in Resources */ = {isa = PBXBuildFile; fileRef = FF3B8C092990F8E500A40635 /* Assets.xcassets */; };
		FF3B8C0D2990F8E500A40635 /* LaunchScreen.storyboard in Resources */ = {isa = PBXBuildFile; fileRef = FF3B8C0B2990F8E500A40635 /* LaunchScreen.storyboard */; };
		FF54FBD12993A64D00848BB2 /* ButtonsCSS.swift in Sources */ = {isa = PBXBuildFile; fileRef = FF54FBD02993A64D00848BB2 /* ButtonsCSS.swift */; };
		FF54FBD52993E15800848BB2 /* QuestionDB.swift in Sources */ = {isa = PBXBuildFile; fileRef = FF54FBD42993E15800848BB2 /* QuestionDB.swift */; };
		FF54FBD82993E4BB00848BB2 /* Question.swift in Sources */ = {isa = PBXBuildFile; fileRef = FF54FBD72993E4BB00848BB2 /* Question.swift */; };
/* End PBXBuildFile section */

/* Begin PBXFileReference section */
		FF3B8BFD2990F8E300A40635 /* Custom Quiz App.app */ = {isa = PBXFileReference; explicitFileType = wrapper.application; includeInIndex = 0; path = "Custom Quiz App.app"; sourceTree = BUILT_PRODUCTS_DIR; };
		FF3B8C002990F8E300A40635 /* AppDelegate.swift */ = {isa = PBXFileReference; lastKnownFileType = sourcecode.swift; path = AppDelegate.swift; sourceTree = "<group>"; };
		FF3B8C022990F8E300A40635 /* SceneDelegate.swift */ = {isa = PBXFileReference; lastKnownFileType = sourcecode.swift; path = SceneDelegate.swift; sourceTree = "<group>"; };
		FF3B8C042990F8E300A40635 /* ViewController.swift */ = {isa = PBXFileReference; lastKnownFileType = sourcecode.swift; path = ViewController.swift; sourceTree = "<group>"; };
		FF3B8C072990F8E300A40635 /* Base */ = {isa = PBXFileReference; lastKnownFileType = file.storyboard; name = Base; path = Base.lproj/Main.storyboard; sourceTree = "<group>"; };
		FF3B8C092990F8E500A40635 /* Assets.xcassets */ = {isa = PBXFileReference; lastKnownFileType = folder.assetcatalog; path = Assets.xcassets; sourceTree = "<group>"; };
		FF3B8C0C2990F8E500A40635 /* Base */ = {isa = PBXFileReference; lastKnownFileType = file.storyboard; name = Base; path = Base.lproj/LaunchScreen.storyboard; sourceTree = "<group>"; };
		FF3B8C0E2990F8E500A40635 /* Info.plist */ = {isa = PBXFileReference; lastKnownFileType = text.plist.xml; path = Info.plist; sourceTree = "<group>"; };
		FF54FBD02993A64D00848BB2 /* ButtonsCSS.swift */ = {isa = PBXFileReference; lastKnownFileType = sourcecode.swift; path = ButtonsCSS.swift; sourceTree = "<group>"; };
		FF54FBD42993E15800848BB2 /* QuestionDB.swift */ = {isa = PBXFileReference; lastKnownFileType = sourcecode.swift; path = QuestionDB.swift; sourceTree = "<group>"; };
		FF54FBD72993E4BB00848BB2 /* Question.swift */ = {isa = PBXFileReference; lastKnownFileType = sourcecode.swift; path = Question.swift; sourceTree = "<group>"; };
/* End PBXFileReference section */

/* Begin PBXFrameworksBuildPhase section */
		FF3B8BFA2990F8E300A40635 /* Frameworks */ = {
			isa = PBXFrameworksBuildPhase;
			buildActionMask = 2147483647;
			files = (
			);
			runOnlyForDeploymentPostprocessing = 0;
		};
/* End PBXFrameworksBuildPhase section */

/* Begin PBXGroup section */
		FF3B8BF42990F8E200A40635 = {
			isa = PBXGroup;
			children = (
				FF3B8BFF2990F8E300A40635 /* Custom Quiz App */,
				FF3B8BFE2990F8E300A40635 /* Products */,
			);
			sourceTree = "<group>";
		};
		FF3B8BFE2990F8E300A40635 /* Products */ = {
			isa = PBXGroup;
			children = (
				FF3B8BFD2990F8E300A40635 /* Custom Quiz App.app */,
			);
			name = Products;
			sourceTree = "<group>";
		};
		FF3B8BFF2990F8E300A40635 /* Custom Quiz App */ = {
			isa = PBXGroup;
			children = (
				FF54FBCB2993A41200848BB2 /* Controller */,
				FF54FBCA2993A40C00848BB2 /* View */,
				FF54FBC92993A40300848BB2 /* Model */,
				FF3B8C002990F8E300A40635 /* AppDelegate.swift */,
				FF3B8C022990F8E300A40635 /* SceneDelegate.swift */,
				FF3B8C062990F8E300A40635 /* Main.storyboard */,
				FF3B8C092990F8E500A40635 /* Assets.xcassets */,
				FF3B8C0B2990F8E500A40635 /* LaunchScreen.storyboard */,
				FF3B8C0E2990F8E500A40635 /* Info.plist */,
			);
			path = "Custom Quiz App";
			sourceTree = "<group>";
		};
		FF54FBC92993A40300848BB2 /* Model */ = {
			isa = PBXGroup;
			children = (
				FF54FBD42993E15800848BB2 /* QuestionDB.swift */,
				FF54FBD72993E4BB00848BB2 /* Question.swift */,
			);
			path = Model;
			sourceTree = "<group>";
		};
		FF54FBCA2993A40C00848BB2 /* View */ = {
			isa = PBXGroup;
			children = (
				FF54FBD02993A64D00848BB2 /* ButtonsCSS.swift */,
			);
			path = View;
			sourceTree = "<group>";
		};
		FF54FBCB2993A41200848BB2 /* Controller */ = {
			isa = PBXGroup;
			children = (
				FF3B8C042990F8E300A40635 /* ViewController.swift */,
			);
			path = Controller;
			sourceTree = "<group>";
		};
/* End PBXGroup section */

/* Begin PBXNativeTarget section */
		FF3B8BFC2990F8E300A40635 /* Custom Quiz App */ = {
			isa = PBXNativeTarget;
			buildConfigurationList = FF3B8C112990F8E500A40635 /* Build configuration list for PBXNativeTarget "Custom Quiz App" */;
			buildPhases = (
				FF3B8BF92990F8E300A40635 /* Sources */,
				FF3B8BFA2990F8E300A40635 /* Frameworks */,
				FF3B8BFB2990F8E300A40635 /* Resources */,
			);
			buildRules = (
			);
			dependencies = (
			);
			name = "Custom Quiz App";
			productName = "Custom Quiz App";
			productReference = FF3B8BFD2990F8E300A40635 /* Custom Quiz App.app */;
			productType = "com.apple.product-type.application";
		};
/* End PBXNativeTarget section */

/* Begin PBXProject section */
		FF3B8BF52990F8E200A40635 /* Project object */ = {
			isa = PBXProject;
			attributes = {
				LastSwiftUpdateCheck = 1240;
				LastUpgradeCheck = 1240;
				TargetAttributes = {
					FF3B8BFC2990F8E300A40635 = {
						CreatedOnToolsVersion = 12.4;
					};
				};
			};
			buildConfigurationList = FF3B8BF82990F8E200A40635 /* Build configuration list for PBXProject "Custom Quiz App" */;
			compatibilityVersion = "Xcode 9.3";
			developmentRegion = en;
			hasScannedForEncodings = 0;
			knownRegions = (
				en,
				Base,
			);
			mainGroup = FF3B8BF42990F8E200A40635;
			productRefGroup = FF3B8BFE2990F8E300A40635 /* Products */;
			projectDirPath = "";
			projectRoot = "";
			targets = (
				FF3B8BFC2990F8E300A40635 /* Custom Quiz App */,
			);
		};
/* End PBXProject section */

/* Begin PBXResourcesBuildPhase section */
		FF3B8BFB2990F8E300A40635 /* Resources */ = {
			isa = PBXResourcesBuildPhase;
			buildActionMask = 2147483647;
			files = (
				FF3B8C0D2990F8E500A40635 /* LaunchScreen.storyboard in Resources */,
				FF3B8C0A2990F8E500A40635 /* Assets.xcassets in Resources */,
				FF3B8C082990F8E300A40635 /* Main.storyboard in Resources */,
			);
			runOnlyForDeploymentPostprocessing = 0;
		};
/* End PBXResourcesBuildPhase section */

/* Begin PBXSourcesBuildPhase section */
		FF3B8BF92990F8E300A40635 /* Sources */ = {
			isa = PBXSourcesBuildPhase;
			buildActionMask = 2147483647;
			files = (
				FF3B8C052990F8E300A40635 /* ViewController.swift in Sources */,
				FF3B8C012990F8E300A40635 /* AppDelegate.swift in Sources */,
				FF3B8C032990F8E300A40635 /* SceneDelegate.swift in Sources */,
				FF54FBD82993E4BB00848BB2 /* Question.swift in Sources */,
				FF54FBD52993E15800848BB2 /* QuestionDB.swift in Sources */,
				FF54FBD12993A64D00848BB2 /* ButtonsCSS.swift in Sources */,
			);
			runOnlyForDeploymentPostprocessing = 0;
		};
/* End PBXSourcesBuildPhase section */

/* Begin PBXVariantGroup section */
		FF3B8C062990F8E300A40635 /* Main.storyboard */ = {
			isa = PBXVariantGroup;
			children = (
				FF3B8C072990F8E300A40635 /* Base */,
			);
			name = Main.storyboard;
			sourceTree = "<group>";
		};
		FF3B8C0B2990F8E500A40635 /* LaunchScreen.storyboard */ = {
			isa = PBXVariantGroup;
			children = (
				FF3B8C0C2990F8E500A40635 /* Base */,
			);
			name = LaunchScreen.storyboard;
			sourceTree = "<group>";
		};
/* End PBXVariantGroup section */

/* Begin XCBuildConfiguration section */
		FF3B8C0F2990F8E500A40635 /* Debug */ = {
			isa = XCBuildConfiguration;
			buildSettings = {
				ALWAYS_SEARCH_USER_PATHS = NO;
				CLANG_ANALYZER_NONNULL = YES;
				CLANG_ANALYZER_NUMBER_OBJECT_CONVERSION = YES_AGGRESSIVE;
				CLANG_CXX_LANGUAGE_STANDARD = "gnu++14";
				CLANG_CXX_LIBRARY = "libc++";
				CLANG_ENABLE_MODULES = YES;
				CLANG_ENABLE_OBJC_ARC = YES;
				CLANG_ENABLE_OBJC_WEAK = YES;
				CLANG_WARN_BLOCK_CAPTURE_AUTORELEASING = YES;
				CLANG_WARN_BOOL_CONVERSION = YES;
				CLANG_WARN_COMMA = YES;
				CLANG_WARN_CONSTANT_CONVERSION = YES;
				CLANG_WARN_DEPRECATED_OBJC_IMPLEMENTATIONS = YES;
				CLANG_WARN_DIRECT_OBJC_ISA_USAGE = YES_ERROR;
				CLANG_WARN_DOCUMENTATION_COMMENTS = YES;
				CLANG_WARN_EMPTY_BODY = YES;
				CLANG_WARN_ENUM_CONVERSION = YES;
				CLANG_WARN_INFINITE_RECURSION = YES;
				CLANG_WARN_INT_CONVERSION = YES;
				CLANG_WARN_NON_LITERAL_NULL_CONVERSION = YES;
				CLANG_WARN_OBJC_IMPLICIT_RETAIN_SELF = YES;
				CLANG_WARN_OBJC_LITERAL_CONVERSION = YES;
				CLANG_WARN_OBJC_ROOT_CLASS = YES_ERROR;
				CLANG_WARN_QUOTED_INCLUDE_IN_FRAMEWORK_HEADER = YES;
				CLANG_WARN_RANGE_LOOP_ANALYSIS = YES;
				CLANG_WARN_STRICT_PROTOTYPES = YES;
				CLANG_WARN_SUSPICIOUS_MOVE = YES;
				CLANG_WARN_UNGUARDED_AVAILABILITY = YES_AGGRESSIVE;
				CLANG_WARN_UNREACHABLE_CODE = YES;
				CLANG_WARN__DUPLICATE_METHOD_MATCH = YES;
				COPY_PHASE_STRIP = NO;
				DEBUG_INFORMATION_FORMAT = dwarf;
				ENABLE_STRICT_OBJC_MSGSEND = YES;
				ENABLE_TESTABILITY = YES;
				GCC_C_LANGUAGE_STANDARD = gnu11;
				GCC_DYNAMIC_NO_PIC = NO;
				GCC_NO_COMMON_BLOCKS = YES;
				GCC_OPTIMIZATION_LEVEL = 0;
				GCC_PREPROCESSOR_DEFINITIONS = (
					"DEBUG=1",
					"$(inherited)",
				);
				GCC_WARN_64_TO_32_BIT_CONVERSION = YES;
				GCC_WARN_ABOUT_RETURN_TYPE = YES_ERROR;
				GCC_WARN_UNDECLARED_SELECTOR = YES;
				GCC_WARN_UNINITIALIZED_AUTOS = YES_AGGRESSIVE;
				GCC_WARN_UNUSED_FUNCTION = YES;
				GCC_WARN_UNUSED_VARIABLE = YES;
				IPHONEOS_DEPLOYMENT_TARGET = 14.4;
				MTL_ENABLE_DEBUG_INFO = INCLUDE_SOURCE;
				MTL_FAST_MATH = YES;
				ONLY_ACTIVE_ARCH = YES;
				SDKROOT = iphoneos;
				SWIFT_ACTIVE_COMPILATION_CONDITIONS = DEBUG;
				SWIFT_OPTIMIZATION_LEVEL = "-Onone";
			};
			name = Debug;
		};
		FF3B8C102990F8E500A40635 /* Release */ = {
			isa = XCBuildConfiguration;
			buildSettings = {
				ALWAYS_SEARCH_USER_PATHS = NO;
				CLANG_ANALYZER_NONNULL = YES;
				CLANG_ANALYZER_NUMBER_OBJECT_CONVERSION = YES_AGGRESSIVE;
				CLANG_CXX_LANGUAGE_STANDARD = "gnu++14";
				CLANG_CXX_LIBRARY = "libc++";
				CLANG_ENABLE_MODULES = YES;
				CLANG_ENABLE_OBJC_ARC = YES;
				CLANG_ENABLE_OBJC_WEAK = YES;
				CLANG_WARN_BLOCK_CAPTURE_AUTORELEASING = YES;
				CLANG_WARN_BOOL_CONVERSION = YES;
				CLANG_WARN_COMMA = YES;
				CLANG_WARN_CONSTANT_CONVERSION = YES;
				CLANG_WARN_DEPRECATED_OBJC_IMPLEMENTATIONS = YES;
				CLANG_WARN_DIRECT_OBJC_ISA_USAGE = YES_ERROR;
				CLANG_WARN_DOCUMENTATION_COMMENTS = YES;
				CLANG_WARN_EMPTY_BODY = YES;
				CLANG_WARN_ENUM_CONVERSION = YES;
				CLANG_WARN_INFINITE_RECURSION = YES;
				CLANG_WARN_INT_CONVERSION = YES;
				CLANG_WARN_NON_LITERAL_NULL_CONVERSION = YES;
				CLANG_WARN_OBJC_IMPLICIT_RETAIN_SELF = YES;
				CLANG_WARN_OBJC_LITERAL_CONVERSION = YES;
				CLANG_WARN_OBJC_ROOT_CLASS = YES_ERROR;
				CLANG_WARN_QUOTED_INCLUDE_IN_FRAMEWORK_HEADER = YES;
				CLANG_WARN_RANGE_LOOP_ANALYSIS = YES;
				CLANG_WARN_STRICT_PROTOTYPES = YES;
				CLANG_WARN_SUSPICIOUS_MOVE = YES;
				CLANG_WARN_UNGUARDED_AVAILABILITY = YES_AGGRESSIVE;
				CLANG_WARN_UNREACHABLE_CODE = YES;
				CLANG_WARN__DUPLICATE_METHOD_MATCH = YES;
				COPY_PHASE_STRIP = NO;
				DEBUG_INFORMATION_FORMAT = "dwarf-with-dsym";
				ENABLE_NS_ASSERTIONS = NO;
				ENABLE_STRICT_OBJC_MSGSEND = YES;
				GCC_C_LANGUAGE_STANDARD = gnu11;
				GCC_NO_COMMON_BLOCKS = YES;
				GCC_WARN_64_TO_32_BIT_CONVERSION = YES;
				GCC_WARN_ABOUT_RETURN_TYPE = YES_ERROR;
				GCC_WARN_UNDECLARED_SELECTOR = YES;
				GCC_WARN_UNINITIALIZED_AUTOS = YES_AGGRESSIVE;
				GCC_WARN_UNUSED_FUNCTION = YES;
				GCC_WARN_UNUSED_VARIABLE = YES;
				IPHONEOS_DEPLOYMENT_TARGET = 14.4;
				MTL_ENABLE_DEBUG_INFO = NO;
				MTL_FAST_MATH = YES;
				SDKROOT = iphoneos;
				SWIFT_COMPILATION_MODE = wholemodule;
				SWIFT_OPTIMIZATION_LEVEL = "-O";
				VALIDATE_PRODUCT = YES;
			};
			name = Release;
		};
		FF3B8C122990F8E500A40635 /* Debug */ = {
			isa = XCBuildConfiguration;
			buildSettings = {
				ASSETCATALOG_COMPILER_APPICON_NAME = AppIcon;
				ASSETCATALOG_COMPILER_GLOBAL_ACCENT_COLOR_NAME = AccentColor;
				CODE_SIGN_STYLE = Automatic;
				INFOPLIST_FILE = "Custom Quiz App/Info.plist";
				LD_RUNPATH_SEARCH_PATHS = (
					"$(inherited)",
					"@executable_path/Frameworks",
				);
				PRODUCT_BUNDLE_IDENTIFIER = "com.benjamintan.Custom-Quiz-App";
				PRODUCT_NAME = "$(TARGET_NAME)";
				SWIFT_VERSION = 5.0;
				TARGETED_DEVICE_FAMILY = "1,2";
			};
			name = Debug;
		};
		FF3B8C132990F8E500A40635 /* Release */ = {
			isa = XCBuildConfiguration;
			buildSettings = {
				ASSETCATALOG_COMPILER_APPICON_NAME = AppIcon;
				ASSETCATALOG_COMPILER_GLOBAL_ACCENT_COLOR_NAME = AccentColor;
				CODE_SIGN_STYLE = Automatic;
				INFOPLIST_FILE = "Custom Quiz App/Info.plist";
				LD_RUNPATH_SEARCH_PATHS = (
					"$(inherited)",
					"@executable_path/Frameworks",
				);
				PRODUCT_BUNDLE_IDENTIFIER = "com.benjamintan.Custom-Quiz-App";
				PRODUCT_NAME = "$(TARGET_NAME)";
				SWIFT_VERSION = 5.0;
				TARGETED_DEVICE_FAMILY = "1,2";
			};
			name = Release;
		};
/* End XCBuildConfiguration section */

/* Begin XCConfigurationList section */
		FF3B8BF82990F8E200A40635 /* Build configuration list for PBXProject "Custom Quiz App" */ = {
			isa = XCConfigurationList;
			buildConfigurations = (
				FF3B8C0F2990F8E500A40635 /* Debug */,
				FF3B8C102990F8E500A40635 /* Release */,
			);
			defaultConfigurationIsVisible = 0;
			defaultConfigurationName = Release;
		};
		FF3B8C112990F8E500A40635 /* Build configuration list for PBXNativeTarget "Custom Quiz App" */ = {
			isa = XCConfigurationList;
			buildConfigurations = (
				FF3B8C122990F8E500A40635 /* Debug */,
				FF3B8C132990F8E500A40635 /* Release */,
			);
			defaultConfigurationIsVisible = 0;
			defaultConfigurationName = Release;
		};
/* End XCConfigurationList section */
	};
	rootObject = FF3B8BF52990F8E200A40635 /* Project object */;
}
